
Microsoft Visual Studio Solution File, Format Version 12.00
# Visual Studio Version 17
VisualStudioVersion = 17.7.34031.279
MinimumVisualStudioVersion = 10.0.40219.1
Project("{FAE04EC0-301F-11D3-BF4B-00C04F79EFBC}") = "if number contains 3", "if number contains 3.csproj", "{34E3CB6F-D9D5-4267-AF8E-8F8422C8FEC9}"
EndProject
Global
	GlobalSection(SolutionConfigurationPlatforms) = preSolution
		Debug|Any CPU = Debug|Any CPU
		Release|Any CPU = Release|Any CPU
	EndGlobalSection
	GlobalSection(ProjectConfigurationPlatforms) = postSolution
		{34E3CB6F-D9D5-4267-AF8E-8F8422C8FEC9}.Debug|Any CPU.ActiveCfg = Debug|Any CPU
		{34E3CB6F-D9D5-4267-AF8E-8F8422C8FEC9}.Debug|Any CPU.Build.0 = Debug|Any CPU
		{34E3CB6F-D9D5-4267-AF8E-8F8422C8FEC9}.Release|Any CPU.ActiveCfg = Release|Any CPU
		{34E3CB6F-D9D5-4267-AF8E-8F8422C8FEC9}.Release|Any CPU.Build.0 = Release|Any CPU
	EndGlobalSection
	GlobalSection(SolutionProperties) = preSolution
		HideSolutionNode = FALSE
	EndGlobalSection
	GlobalSection(ExtensibilityGlobals) = postSolution
		SolutionGuid = {1A6E235B-CEAC-45A8-8CBB-CE9192AEFE31}
	EndGlobalSection
EndGlobal
